
Microsoft Visual Studio Solution File, Format Version 12.00
# Visual Studio 15
VisualStudioVersion = 15.0.28307.168
MinimumVisualStudioVersion = 10.0.40219.1
Project("{8BC9CEB8-8B4A-11D0-8D11-00A0C91BC942}") = "ProiectApeluri", "ProiectApeluri\ProiectApeluri.vcxproj", "{942800A8-35D1-43D5-8A6D-9CF204BC3E88}"
EndProject
Global
	GlobalSection(SolutionConfigurationPlatforms) = preSolution
		Debug|x64 = Debug|x64
		Debug|x86 = Debug|x86
		Release|x64 = Release|x64
		Release|x86 = Release|x86
	EndGlobalSection
	GlobalSection(ProjectConfigurationPlatforms) = postSolution
		{942800A8-35D1-43D5-8A6D-9CF204BC3E88}.Debug|x64.ActiveCfg = Debug|x64
		{942800A8-35D1-43D5-8A6D-9CF204BC3E88}.Debug|x64.Build.0 = Debug|x64
		{942800A8-35D1-43D5-8A6D-9CF204BC3E88}.Debug|x86.ActiveCfg = Debug|Win32
		{942800A8-35D1-43D5-8A6D-9CF204BC3E88}.Debug|x86.Build.0 = Debug|Win32
		{942800A8-35D1-43D5-8A6D-9CF204BC3E88}.Release|x64.ActiveCfg = Release|x64
		{942800A8-35D1-43D5-8A6D-9CF204BC3E88}.Release|x64.Build.0 = Release|x64
		{942800A8-35D1-43D5-8A6D-9CF204BC3E88}.Release|x86.ActiveCfg = Release|Win32
		{942800A8-35D1-43D5-8A6D-9CF204BC3E88}.Release|x86.Build.0 = Release|Win32
	EndGlobalSection
	GlobalSection(SolutionProperties) = preSolution
		HideSolutionNode = FALSE
	EndGlobalSection
	GlobalSection(ExtensibilityGlobals) = postSolution
		SolutionGuid = {36FB3DD8-DD3A-48DB-A5DF-4A0728E2FD9C}
	EndGlobalSection
EndGlobal
